
Microsoft Visual Studio Solution File, Format Version 12.00
# Visual Studio Version 17
VisualStudioVersion = 17.0.31903.59
MinimumVisualStudioVersion = 10.0.40219.1
Project("{2150E333-8FDC-42A3-9474-1A3956D46DE8}") = "Solution Items", "Solution Items", "{0EF9E939-7AB5-4142-92D2-BA857D93BA0E}"
	ProjectSection(SolutionItems) = preProject
		.editorconfig = .editorconfig
		.gitignore = .gitignore
		Directory.Build.props = Directory.Build.props
		Directory.Packages.props = Directory.Packages.props
		global.json = global.json
		.github\dependabot.yml = .github\dependabot.yml
		Directory.Build.targets = Directory.Build.targets
		startrider.ps1 = startrider.ps1
		startvscode.ps1 = startvscode.ps1
	EndProjectSection
EndProject
Project("{FAE04EC0-301F-11D3-BF4B-00C04F79EFBC}") = "HwoodiwissSyncer", "src\HwoodiwissSyncer\HwoodiwissSyncer.csproj", "{5FACCCDC-4AB1-4A52-9987-3D49A52A68B4}"
EndProject
Project("{2150E333-8FDC-42A3-9474-1A3956D46DE8}") = "tests", "tests", "{BEEB20F9-1BFD-45F5-A1F5-4BD321984B2F}"
EndProject
Project("{2150E333-8FDC-42A3-9474-1A3956D46DE8}") = ".workflows", ".workflows", "{E43755F6-D3A6-4C39-BAD7-CED3995CF56C}"
	ProjectSection(SolutionItems) = preProject
		.github\workflows\build.yml = .github\workflows\build.yml
		.github\workflows\dependabot-autoapprove.yml = .github\workflows\dependabot-autoapprove.yml
		.github\workflows\publish-image.yml = .github\workflows\publish-image.yml
	EndProjectSection
EndProject
Project("{2150E333-8FDC-42A3-9474-1A3956D46DE8}") = ".github", ".github", "{18EA41B9-7274-4062-BBA0-806C3BB103FE}"
	ProjectSection(SolutionItems) = preProject
		.github\dependabot.yml = .github\dependabot.yml
	EndProjectSection
EndProject
Project("{2150E333-8FDC-42A3-9474-1A3956D46DE8}") = "src", "src", "{772EE4D3-AA17-4883-B5F9-12E116648E0A}"
EndProject
Project("{2150E333-8FDC-42A3-9474-1A3956D46DE8}") = "build", "build", "{00CC538C-3B01-44AC-BCEC-10FC5124B954}"
	ProjectSection(SolutionItems) = preProject
		build\build.ps1 = build\build.ps1
		build\publish-aot.ps1 = build\publish-aot.ps1
		build\configure-env.ps1 = build\configure-env.ps1
		build\install-sdk.ps1 = build\install-sdk.ps1
	EndProjectSection
EndProject
Project("{FAE04EC0-301F-11D3-BF4B-00C04F79EFBC}") = "HwoodiwissSyncer.Tests", "tests\HwoodiwissSyncer.Tests\HwoodiwissSyncer.Tests.csproj", "{EEC0909B-ABCE-47BE-8FA1-42B9549F19C0}"
EndProject
Project("{FAE04EC0-301F-11D3-BF4B-00C04F79EFBC}") = "HwoodiwissSyncer.UI", "src\HwoodiwissSyncer.UI\HwoodiwissSyncer.UI.csproj", "{BD83535A-8B86-4101-8663-97167D0DFF48}"
EndProject
Global
	GlobalSection(SolutionConfigurationPlatforms) = preSolution
		Debug|Any CPU = Debug|Any CPU
		Release|Any CPU = Release|Any CPU
	EndGlobalSection
	GlobalSection(SolutionProperties) = preSolution
		HideSolutionNode = FALSE
	EndGlobalSection
	GlobalSection(NestedProjects) = preSolution
		{5FACCCDC-4AB1-4A52-9987-3D49A52A68B4} = {772EE4D3-AA17-4883-B5F9-12E116648E0A}
		{EEC0909B-ABCE-47BE-8FA1-42B9549F19C0} = {BEEB20F9-1BFD-45F5-A1F5-4BD321984B2F}
		{BD83535A-8B86-4101-8663-97167D0DFF48} = {772EE4D3-AA17-4883-B5F9-12E116648E0A}
		{00CC538C-3B01-44AC-BCEC-10FC5124B954} = {0EF9E939-7AB5-4142-92D2-BA857D93BA0E}
		{E43755F6-D3A6-4C39-BAD7-CED3995CF56C} = {0EF9E939-7AB5-4142-92D2-BA857D93BA0E}
		{18EA41B9-7274-4062-BBA0-806C3BB103FE} = {0EF9E939-7AB5-4142-92D2-BA857D93BA0E}
	EndGlobalSection
	GlobalSection(ProjectConfigurationPlatforms) = postSolution
		{5FACCCDC-4AB1-4A52-9987-3D49A52A68B4}.Debug|Any CPU.ActiveCfg = Debug|Any CPU
		{5FACCCDC-4AB1-4A52-9987-3D49A52A68B4}.Debug|Any CPU.Build.0 = Debug|Any CPU
		{5FACCCDC-4AB1-4A52-9987-3D49A52A68B4}.Release|Any CPU.ActiveCfg = Release|Any CPU
		{5FACCCDC-4AB1-4A52-9987-3D49A52A68B4}.Release|Any CPU.Build.0 = Release|Any CPU
		{EEC0909B-ABCE-47BE-8FA1-42B9549F19C0}.Debug|Any CPU.ActiveCfg = Debug|Any CPU
		{EEC0909B-ABCE-47BE-8FA1-42B9549F19C0}.Debug|Any CPU.Build.0 = Debug|Any CPU
		{EEC0909B-ABCE-47BE-8FA1-42B9549F19C0}.Release|Any CPU.ActiveCfg = Release|Any CPU
		{EEC0909B-ABCE-47BE-8FA1-42B9549F19C0}.Release|Any CPU.Build.0 = Release|Any CPU
		{BD83535A-8B86-4101-8663-97167D0DFF48}.Debug|Any CPU.ActiveCfg = Debug|Any CPU
		{BD83535A-8B86-4101-8663-97167D0DFF48}.Debug|Any CPU.Build.0 = Debug|Any CPU
		{BD83535A-8B86-4101-8663-97167D0DFF48}.Release|Any CPU.ActiveCfg = Release|Any CPU
		{BD83535A-8B86-4101-8663-97167D0DFF48}.Release|Any CPU.Build.0 = Release|Any CPU
	EndGlobalSection
EndGlobal
